
Microsoft Visual Studio Solution File, Format Version 12.00
# Visual Studio Version 16
VisualStudioVersion = 16.0.810.9
MinimumVisualStudioVersion = 10.0.40219.1
Project("{FAE04EC0-301F-11D3-BF4B-00C04F79EFBC}") = "wwdt", "wwdt.csproj", "{4209F6C9-950B-4C65-A50F-917614EBA83F}"
EndProject
Global
	GlobalSection(SolutionConfigurationPlatforms) = preSolution
		Debug|Any CPU = Debug|Any CPU
		Release|Any CPU = Release|Any CPU
	EndGlobalSection
	GlobalSection(ProjectConfigurationPlatforms) = postSolution
		{4209F6C9-950B-4C65-A50F-917614EBA83F}.Debug|Any CPU.ActiveCfg = Debug|Any CPU
		{4209F6C9-950B-4C65-A50F-917614EBA83F}.Debug|Any CPU.Build.0 = Debug|Any CPU
		{4209F6C9-950B-4C65-A50F-917614EBA83F}.Release|Any CPU.ActiveCfg = Release|Any CPU
		{4209F6C9-950B-4C65-A50F-917614EBA83F}.Release|Any CPU.Build.0 = Release|Any CPU
	EndGlobalSection
	GlobalSection(SolutionProperties) = preSolution
		HideSolutionNode = FALSE
	EndGlobalSection
	GlobalSection(ExtensibilityGlobals) = postSolution
		SolutionGuid = {54CC3951-9FE9-4F76-AD33-865195497FDB}
	EndGlobalSection
EndGlobal
